
Microsoft Visual Studio Solution File, Format Version 12.00
# Visual Studio Version 16
VisualStudioVersion = 16.0.32901.82
MinimumVisualStudioVersion = 10.0.40219.1
Project("{FAE04EC0-301F-11D3-BF4B-00C04F79EFBC}") = "CRUD_API_Assignment_II", "CRUD_API_Assignment_II\CRUD_API_Assignment_II.csproj", "{F8AE3FCE-8DDD-40EF-9A77-E00B3AE8DB52}"
EndProject
Global
	GlobalSection(SolutionConfigurationPlatforms) = preSolution
		Debug|Any CPU = Debug|Any CPU
		Release|Any CPU = Release|Any CPU
	EndGlobalSection
	GlobalSection(ProjectConfigurationPlatforms) = postSolution
		{F8AE3FCE-8DDD-40EF-9A77-E00B3AE8DB52}.Debug|Any CPU.ActiveCfg = Debug|Any CPU
		{F8AE3FCE-8DDD-40EF-9A77-E00B3AE8DB52}.Debug|Any CPU.Build.0 = Debug|Any CPU
		{F8AE3FCE-8DDD-40EF-9A77-E00B3AE8DB52}.Release|Any CPU.ActiveCfg = Release|Any CPU
		{F8AE3FCE-8DDD-40EF-9A77-E00B3AE8DB52}.Release|Any CPU.Build.0 = Release|Any CPU
	EndGlobalSection
	GlobalSection(SolutionProperties) = preSolution
		HideSolutionNode = FALSE
	EndGlobalSection
	GlobalSection(ExtensibilityGlobals) = postSolution
		SolutionGuid = {D65F1DCF-1247-4F67-9FA2-4480DCAA295F}
	EndGlobalSection
EndGlobal
