
Microsoft Visual Studio Solution File, Format Version 12.00
# Visual Studio Version 16
VisualStudioVersion = 16.0.32802.440
MinimumVisualStudioVersion = 10.0.40219.1
Project("{FAE04EC0-301F-11D3-BF4B-00C04F79EFBC}") = "CopyDemo", "CopyDemo\CopyDemo.csproj", "{D4240960-1B16-4347-B941-2905089802EE}"
EndProject
Global
	GlobalSection(SolutionConfigurationPlatforms) = preSolution
		Debug|Any CPU = Debug|Any CPU
		Release|Any CPU = Release|Any CPU
	EndGlobalSection
	GlobalSection(ProjectConfigurationPlatforms) = postSolution
		{D4240960-1B16-4347-B941-2905089802EE}.Debug|Any CPU.ActiveCfg = Debug|Any CPU
		{D4240960-1B16-4347-B941-2905089802EE}.Debug|Any CPU.Build.0 = Debug|Any CPU
		{D4240960-1B16-4347-B941-2905089802EE}.Release|Any CPU.ActiveCfg = Release|Any CPU
		{D4240960-1B16-4347-B941-2905089802EE}.Release|Any CPU.Build.0 = Release|Any CPU
	EndGlobalSection
	GlobalSection(SolutionProperties) = preSolution
		HideSolutionNode = FALSE
	EndGlobalSection
	GlobalSection(ExtensibilityGlobals) = postSolution
		SolutionGuid = {4E258531-38B0-4DF9-B8E1-7AB4842DC02E}
	EndGlobalSection
EndGlobal
