
Microsoft Visual Studio Solution File, Format Version 12.00
# Visual Studio Version 16
VisualStudioVersion = 16.0.32802.440
MinimumVisualStudioVersion = 10.0.40219.1
Project("{FAE04EC0-301F-11D3-BF4B-00C04F79EFBC}") = "Assesment1", "Assesment1\Assesment1.csproj", "{1EBB7E5B-7463-4494-A3A0-67D5AA574DBD}"
EndProject
Global
	GlobalSection(SolutionConfigurationPlatforms) = preSolution
		Debug|Any CPU = Debug|Any CPU
		Release|Any CPU = Release|Any CPU
	EndGlobalSection
	GlobalSection(ProjectConfigurationPlatforms) = postSolution
		{1EBB7E5B-7463-4494-A3A0-67D5AA574DBD}.Debug|Any CPU.ActiveCfg = Debug|Any CPU
		{1EBB7E5B-7463-4494-A3A0-67D5AA574DBD}.Debug|Any CPU.Build.0 = Debug|Any CPU
		{1EBB7E5B-7463-4494-A3A0-67D5AA574DBD}.Release|Any CPU.ActiveCfg = Release|Any CPU
		{1EBB7E5B-7463-4494-A3A0-67D5AA574DBD}.Release|Any CPU.Build.0 = Release|Any CPU
	EndGlobalSection
	GlobalSection(SolutionProperties) = preSolution
		HideSolutionNode = FALSE
	EndGlobalSection
	GlobalSection(ExtensibilityGlobals) = postSolution
		SolutionGuid = {6566198F-3A1D-4E4C-8384-5A55DE8056A1}
	EndGlobalSection
EndGlobal
