
Microsoft Visual Studio Solution File, Format Version 12.00
# Visual Studio Version 16
VisualStudioVersion = 16.0.32802.440
MinimumVisualStudioVersion = 10.0.40219.1
Project("{FAE04EC0-301F-11D3-BF4B-00C04F79EFBC}") = "EqualsPractice", "EqualsPractice\EqualsPractice.csproj", "{6ACBFE71-DA99-475B-A6AC-56E720B366EE}"
EndProject
Global
	GlobalSection(SolutionConfigurationPlatforms) = preSolution
		Debug|Any CPU = Debug|Any CPU
		Release|Any CPU = Release|Any CPU
	EndGlobalSection
	GlobalSection(ProjectConfigurationPlatforms) = postSolution
		{6ACBFE71-DA99-475B-A6AC-56E720B366EE}.Debug|Any CPU.ActiveCfg = Debug|Any CPU
		{6ACBFE71-DA99-475B-A6AC-56E720B366EE}.Debug|Any CPU.Build.0 = Debug|Any CPU
		{6ACBFE71-DA99-475B-A6AC-56E720B366EE}.Release|Any CPU.ActiveCfg = Release|Any CPU
		{6ACBFE71-DA99-475B-A6AC-56E720B366EE}.Release|Any CPU.Build.0 = Release|Any CPU
	EndGlobalSection
	GlobalSection(SolutionProperties) = preSolution
		HideSolutionNode = FALSE
	EndGlobalSection
	GlobalSection(ExtensibilityGlobals) = postSolution
		SolutionGuid = {C21F4056-4B08-4F8C-A26E-6B6F3488745E}
	EndGlobalSection
EndGlobal
