
Microsoft Visual Studio Solution File, Format Version 12.00
# Visual Studio Version 16
VisualStudioVersion = 16.0.32802.440
MinimumVisualStudioVersion = 10.0.40219.1
Project("{FAE04EC0-301F-11D3-BF4B-00C04F79EFBC}") = "Assesment1Q4", "Assesment1Q4\Assesment1Q4.csproj", "{6ADD6E65-DCE2-4D7D-85B3-326796C17117}"
EndProject
Global
	GlobalSection(SolutionConfigurationPlatforms) = preSolution
		Debug|Any CPU = Debug|Any CPU
		Release|Any CPU = Release|Any CPU
	EndGlobalSection
	GlobalSection(ProjectConfigurationPlatforms) = postSolution
		{6ADD6E65-DCE2-4D7D-85B3-326796C17117}.Debug|Any CPU.ActiveCfg = Debug|Any CPU
		{6ADD6E65-DCE2-4D7D-85B3-326796C17117}.Debug|Any CPU.Build.0 = Debug|Any CPU
		{6ADD6E65-DCE2-4D7D-85B3-326796C17117}.Release|Any CPU.ActiveCfg = Release|Any CPU
		{6ADD6E65-DCE2-4D7D-85B3-326796C17117}.Release|Any CPU.Build.0 = Release|Any CPU
	EndGlobalSection
	GlobalSection(SolutionProperties) = preSolution
		HideSolutionNode = FALSE
	EndGlobalSection
	GlobalSection(ExtensibilityGlobals) = postSolution
		SolutionGuid = {D38142CB-D246-4FFB-963B-8CB3911EB42A}
	EndGlobalSection
EndGlobal
