
Microsoft Visual Studio Solution File, Format Version 12.00
# Visual Studio Version 16
VisualStudioVersion = 16.0.32802.440
MinimumVisualStudioVersion = 10.0.40219.1
Project("{FAE04EC0-301F-11D3-BF4B-00C04F79EFBC}") = "WeekName", "WeekName\WeekName.csproj", "{CED4F3CA-EDA2-49A1-A4ED-7A50472EC218}"
EndProject
Global
	GlobalSection(SolutionConfigurationPlatforms) = preSolution
		Debug|Any CPU = Debug|Any CPU
		Release|Any CPU = Release|Any CPU
	EndGlobalSection
	GlobalSection(ProjectConfigurationPlatforms) = postSolution
		{CED4F3CA-EDA2-49A1-A4ED-7A50472EC218}.Debug|Any CPU.ActiveCfg = Debug|Any CPU
		{CED4F3CA-EDA2-49A1-A4ED-7A50472EC218}.Debug|Any CPU.Build.0 = Debug|Any CPU
		{CED4F3CA-EDA2-49A1-A4ED-7A50472EC218}.Release|Any CPU.ActiveCfg = Release|Any CPU
		{CED4F3CA-EDA2-49A1-A4ED-7A50472EC218}.Release|Any CPU.Build.0 = Release|Any CPU
	EndGlobalSection
	GlobalSection(SolutionProperties) = preSolution
		HideSolutionNode = FALSE
	EndGlobalSection
	GlobalSection(ExtensibilityGlobals) = postSolution
		SolutionGuid = {496926D8-ED3F-4790-8F69-19F7E6A50FE8}
	EndGlobalSection
EndGlobal
