
Microsoft Visual Studio Solution File, Format Version 12.00
# Visual Studio Version 16
VisualStudioVersion = 16.0.32901.82
MinimumVisualStudioVersion = 10.0.40219.1
Project("{FAE04EC0-301F-11D3-BF4B-00C04F79EFBC}") = "EF_DATABASE_FIRST", "EF_DATABASE_FIRST\EF_DATABASE_FIRST.csproj", "{09B65FFA-9C50-4190-8B5C-A65530B724F7}"
EndProject
Global
	GlobalSection(SolutionConfigurationPlatforms) = preSolution
		Debug|Any CPU = Debug|Any CPU
		Release|Any CPU = Release|Any CPU
	EndGlobalSection
	GlobalSection(ProjectConfigurationPlatforms) = postSolution
		{09B65FFA-9C50-4190-8B5C-A65530B724F7}.Debug|Any CPU.ActiveCfg = Debug|Any CPU
		{09B65FFA-9C50-4190-8B5C-A65530B724F7}.Debug|Any CPU.Build.0 = Debug|Any CPU
		{09B65FFA-9C50-4190-8B5C-A65530B724F7}.Release|Any CPU.ActiveCfg = Release|Any CPU
		{09B65FFA-9C50-4190-8B5C-A65530B724F7}.Release|Any CPU.Build.0 = Release|Any CPU
	EndGlobalSection
	GlobalSection(SolutionProperties) = preSolution
		HideSolutionNode = FALSE
	EndGlobalSection
	GlobalSection(ExtensibilityGlobals) = postSolution
		SolutionGuid = {0B6C5F0C-A533-416F-91BE-BAE0EA791743}
	EndGlobalSection
EndGlobal
