
Microsoft Visual Studio Solution File, Format Version 12.00
# Visual Studio Version 16
VisualStudioVersion = 16.0.32802.440
MinimumVisualStudioVersion = 10.0.40219.1
Project("{FAE04EC0-301F-11D3-BF4B-00C04F79EFBC}") = "LINQ_TYPES_2", "LINQ_TYPES_2\LINQ_TYPES_2.csproj", "{82D0AED5-B6FF-4860-84AE-2E789DCF51EB}"
EndProject
Global
	GlobalSection(SolutionConfigurationPlatforms) = preSolution
		Debug|Any CPU = Debug|Any CPU
		Release|Any CPU = Release|Any CPU
	EndGlobalSection
	GlobalSection(ProjectConfigurationPlatforms) = postSolution
		{82D0AED5-B6FF-4860-84AE-2E789DCF51EB}.Debug|Any CPU.ActiveCfg = Debug|Any CPU
		{82D0AED5-B6FF-4860-84AE-2E789DCF51EB}.Debug|Any CPU.Build.0 = Debug|Any CPU
		{82D0AED5-B6FF-4860-84AE-2E789DCF51EB}.Release|Any CPU.ActiveCfg = Release|Any CPU
		{82D0AED5-B6FF-4860-84AE-2E789DCF51EB}.Release|Any CPU.Build.0 = Release|Any CPU
	EndGlobalSection
	GlobalSection(SolutionProperties) = preSolution
		HideSolutionNode = FALSE
	EndGlobalSection
	GlobalSection(ExtensibilityGlobals) = postSolution
		SolutionGuid = {2476359C-4155-4D82-BF78-27D01262D4DE}
	EndGlobalSection
EndGlobal
