
Microsoft Visual Studio Solution File, Format Version 12.00
# Visual Studio Version 16
VisualStudioVersion = 16.0.32802.440
MinimumVisualStudioVersion = 10.0.40219.1
Project("{FAE04EC0-301F-11D3-BF4B-00C04F79EFBC}") = "ADO_Dot_Net_Grid_App", "ADO_Dot_Net_Grid_App\ADO_Dot_Net_Grid_App.csproj", "{A3C7E9AD-1A7F-4FE9-B287-8091C5123DA7}"
EndProject
Global
	GlobalSection(SolutionConfigurationPlatforms) = preSolution
		Debug|Any CPU = Debug|Any CPU
		Release|Any CPU = Release|Any CPU
	EndGlobalSection
	GlobalSection(ProjectConfigurationPlatforms) = postSolution
		{A3C7E9AD-1A7F-4FE9-B287-8091C5123DA7}.Debug|Any CPU.ActiveCfg = Debug|Any CPU
		{A3C7E9AD-1A7F-4FE9-B287-8091C5123DA7}.Debug|Any CPU.Build.0 = Debug|Any CPU
		{A3C7E9AD-1A7F-4FE9-B287-8091C5123DA7}.Release|Any CPU.ActiveCfg = Release|Any CPU
		{A3C7E9AD-1A7F-4FE9-B287-8091C5123DA7}.Release|Any CPU.Build.0 = Release|Any CPU
	EndGlobalSection
	GlobalSection(SolutionProperties) = preSolution
		HideSolutionNode = FALSE
	EndGlobalSection
	GlobalSection(ExtensibilityGlobals) = postSolution
		SolutionGuid = {30F3E1A4-1286-4E47-A74B-104BB933D852}
	EndGlobalSection
EndGlobal
