
Microsoft Visual Studio Solution File, Format Version 12.00
# Visual Studio Version 16
VisualStudioVersion = 16.0.32901.82
MinimumVisualStudioVersion = 10.0.40219.1
Project("{FAE04EC0-301F-11D3-BF4B-00C04F79EFBC}") = "DotNetCore_Web_Api", "DotNetCore_Web_Api\DotNetCore_Web_Api.csproj", "{2E41A84D-6FF5-48CD-91CD-7966132C79DC}"
EndProject
Global
	GlobalSection(SolutionConfigurationPlatforms) = preSolution
		Debug|Any CPU = Debug|Any CPU
		Release|Any CPU = Release|Any CPU
	EndGlobalSection
	GlobalSection(ProjectConfigurationPlatforms) = postSolution
		{2E41A84D-6FF5-48CD-91CD-7966132C79DC}.Debug|Any CPU.ActiveCfg = Debug|Any CPU
		{2E41A84D-6FF5-48CD-91CD-7966132C79DC}.Debug|Any CPU.Build.0 = Debug|Any CPU
		{2E41A84D-6FF5-48CD-91CD-7966132C79DC}.Release|Any CPU.ActiveCfg = Release|Any CPU
		{2E41A84D-6FF5-48CD-91CD-7966132C79DC}.Release|Any CPU.Build.0 = Release|Any CPU
	EndGlobalSection
	GlobalSection(SolutionProperties) = preSolution
		HideSolutionNode = FALSE
	EndGlobalSection
	GlobalSection(ExtensibilityGlobals) = postSolution
		SolutionGuid = {64E08082-EE37-4466-8E25-D367832FFB20}
	EndGlobalSection
EndGlobal
