
Microsoft Visual Studio Solution File, Format Version 12.00
# Visual Studio Version 16
VisualStudioVersion = 16.0.32802.440
MinimumVisualStudioVersion = 10.0.40219.1
Project("{FAE04EC0-301F-11D3-BF4B-00C04F79EFBC}") = "ConsoleApp1", "ConsoleApp1\ConsoleApp1.csproj", "{30085487-9F2D-49E2-ABF9-57DFCEA7D886}"
EndProject
Global
	GlobalSection(SolutionConfigurationPlatforms) = preSolution
		Debug|Any CPU = Debug|Any CPU
		Release|Any CPU = Release|Any CPU
	EndGlobalSection
	GlobalSection(ProjectConfigurationPlatforms) = postSolution
		{30085487-9F2D-49E2-ABF9-57DFCEA7D886}.Debug|Any CPU.ActiveCfg = Debug|Any CPU
		{30085487-9F2D-49E2-ABF9-57DFCEA7D886}.Debug|Any CPU.Build.0 = Debug|Any CPU
		{30085487-9F2D-49E2-ABF9-57DFCEA7D886}.Release|Any CPU.ActiveCfg = Release|Any CPU
		{30085487-9F2D-49E2-ABF9-57DFCEA7D886}.Release|Any CPU.Build.0 = Release|Any CPU
	EndGlobalSection
	GlobalSection(SolutionProperties) = preSolution
		HideSolutionNode = FALSE
	EndGlobalSection
	GlobalSection(ExtensibilityGlobals) = postSolution
		SolutionGuid = {45FA8A79-EBAF-4108-B9AF-6847CB7DF3E6}
	EndGlobalSection
EndGlobal
