
Microsoft Visual Studio Solution File, Format Version 12.00
# Visual Studio Version 16
VisualStudioVersion = 16.0.32802.440
MinimumVisualStudioVersion = 10.0.40219.1
Project("{FAE04EC0-301F-11D3-BF4B-00C04F79EFBC}") = "MultiThreadingAssesment", "MultiThreadingAssesment\MultiThreadingAssesment.csproj", "{A624DD47-A9C8-4310-B71D-ABE557631EAA}"
EndProject
Global
	GlobalSection(SolutionConfigurationPlatforms) = preSolution
		Debug|Any CPU = Debug|Any CPU
		Release|Any CPU = Release|Any CPU
	EndGlobalSection
	GlobalSection(ProjectConfigurationPlatforms) = postSolution
		{A624DD47-A9C8-4310-B71D-ABE557631EAA}.Debug|Any CPU.ActiveCfg = Debug|Any CPU
		{A624DD47-A9C8-4310-B71D-ABE557631EAA}.Debug|Any CPU.Build.0 = Debug|Any CPU
		{A624DD47-A9C8-4310-B71D-ABE557631EAA}.Release|Any CPU.ActiveCfg = Release|Any CPU
		{A624DD47-A9C8-4310-B71D-ABE557631EAA}.Release|Any CPU.Build.0 = Release|Any CPU
	EndGlobalSection
	GlobalSection(SolutionProperties) = preSolution
		HideSolutionNode = FALSE
	EndGlobalSection
	GlobalSection(ExtensibilityGlobals) = postSolution
		SolutionGuid = {208619B4-7EBA-408C-9FB5-F969FC58BC7D}
	EndGlobalSection
EndGlobal
