
Microsoft Visual Studio Solution File, Format Version 12.00
# Visual Studio Version 16
VisualStudioVersion = 16.0.32901.82
MinimumVisualStudioVersion = 10.0.40219.1
Project("{FAE04EC0-301F-11D3-BF4B-00C04F79EFBC}") = "First_MVC_WEB", "First_MVC_WEB\First_MVC_WEB.csproj", "{101D25FF-59F1-491B-8E5F-AA3D230CD430}"
EndProject
Global
	GlobalSection(SolutionConfigurationPlatforms) = preSolution
		Debug|Any CPU = Debug|Any CPU
		Release|Any CPU = Release|Any CPU
	EndGlobalSection
	GlobalSection(ProjectConfigurationPlatforms) = postSolution
		{101D25FF-59F1-491B-8E5F-AA3D230CD430}.Debug|Any CPU.ActiveCfg = Debug|Any CPU
		{101D25FF-59F1-491B-8E5F-AA3D230CD430}.Debug|Any CPU.Build.0 = Debug|Any CPU
		{101D25FF-59F1-491B-8E5F-AA3D230CD430}.Release|Any CPU.ActiveCfg = Release|Any CPU
		{101D25FF-59F1-491B-8E5F-AA3D230CD430}.Release|Any CPU.Build.0 = Release|Any CPU
	EndGlobalSection
	GlobalSection(SolutionProperties) = preSolution
		HideSolutionNode = FALSE
	EndGlobalSection
	GlobalSection(ExtensibilityGlobals) = postSolution
		SolutionGuid = {8EF9BB91-7CA7-477D-A419-A1D6F8663F67}
	EndGlobalSection
EndGlobal
