
Microsoft Visual Studio Solution File, Format Version 12.00
# Visual Studio Version 16
VisualStudioVersion = 16.0.32802.440
MinimumVisualStudioVersion = 10.0.40219.1
Project("{FAE04EC0-301F-11D3-BF4B-00C04F79EFBC}") = "Database_Second", "Database_Second\Database_Second.csproj", "{2D5E7753-8A06-4ACF-BB33-EB27829D0F1D}"
EndProject
Global
	GlobalSection(SolutionConfigurationPlatforms) = preSolution
		Debug|Any CPU = Debug|Any CPU
		Release|Any CPU = Release|Any CPU
	EndGlobalSection
	GlobalSection(ProjectConfigurationPlatforms) = postSolution
		{2D5E7753-8A06-4ACF-BB33-EB27829D0F1D}.Debug|Any CPU.ActiveCfg = Debug|Any CPU
		{2D5E7753-8A06-4ACF-BB33-EB27829D0F1D}.Debug|Any CPU.Build.0 = Debug|Any CPU
		{2D5E7753-8A06-4ACF-BB33-EB27829D0F1D}.Release|Any CPU.ActiveCfg = Release|Any CPU
		{2D5E7753-8A06-4ACF-BB33-EB27829D0F1D}.Release|Any CPU.Build.0 = Release|Any CPU
	EndGlobalSection
	GlobalSection(SolutionProperties) = preSolution
		HideSolutionNode = FALSE
	EndGlobalSection
	GlobalSection(ExtensibilityGlobals) = postSolution
		SolutionGuid = {CF9560F9-25E9-4683-8C7F-CAEE2DE05F24}
	EndGlobalSection
EndGlobal
