
Microsoft Visual Studio Solution File, Format Version 12.00
# Visual Studio Version 16
VisualStudioVersion = 16.0.32802.440
MinimumVisualStudioVersion = 10.0.40219.1
Project("{FAE04EC0-301F-11D3-BF4B-00C04F79EFBC}") = "delegate_practice_singlecast", "delegate_practice\delegate_practice_singlecast.csproj", "{1F3CCA72-0D41-4A0A-B42D-52FBFB6880D0}"
EndProject
Global
	GlobalSection(SolutionConfigurationPlatforms) = preSolution
		Debug|Any CPU = Debug|Any CPU
		Release|Any CPU = Release|Any CPU
	EndGlobalSection
	GlobalSection(ProjectConfigurationPlatforms) = postSolution
		{1F3CCA72-0D41-4A0A-B42D-52FBFB6880D0}.Debug|Any CPU.ActiveCfg = Debug|Any CPU
		{1F3CCA72-0D41-4A0A-B42D-52FBFB6880D0}.Debug|Any CPU.Build.0 = Debug|Any CPU
		{1F3CCA72-0D41-4A0A-B42D-52FBFB6880D0}.Release|Any CPU.ActiveCfg = Release|Any CPU
		{1F3CCA72-0D41-4A0A-B42D-52FBFB6880D0}.Release|Any CPU.Build.0 = Release|Any CPU
	EndGlobalSection
	GlobalSection(SolutionProperties) = preSolution
		HideSolutionNode = FALSE
	EndGlobalSection
	GlobalSection(ExtensibilityGlobals) = postSolution
		SolutionGuid = {F7371D77-0CF2-46B8-B769-BD7DB26CD5E8}
	EndGlobalSection
EndGlobal
