
Microsoft Visual Studio Solution File, Format Version 12.00
# Visual Studio Version 16
VisualStudioVersion = 16.0.32802.440
MinimumVisualStudioVersion = 10.0.40219.1
Project("{FAE04EC0-301F-11D3-BF4B-00C04F79EFBC}") = "AbstractClass", "AbstractClass\AbstractClass.csproj", "{F30D1ABE-1064-4C1B-AB3D-A28FB5B7CDB6}"
EndProject
Global
	GlobalSection(SolutionConfigurationPlatforms) = preSolution
		Debug|Any CPU = Debug|Any CPU
		Release|Any CPU = Release|Any CPU
	EndGlobalSection
	GlobalSection(ProjectConfigurationPlatforms) = postSolution
		{F30D1ABE-1064-4C1B-AB3D-A28FB5B7CDB6}.Debug|Any CPU.ActiveCfg = Debug|Any CPU
		{F30D1ABE-1064-4C1B-AB3D-A28FB5B7CDB6}.Debug|Any CPU.Build.0 = Debug|Any CPU
		{F30D1ABE-1064-4C1B-AB3D-A28FB5B7CDB6}.Release|Any CPU.ActiveCfg = Release|Any CPU
		{F30D1ABE-1064-4C1B-AB3D-A28FB5B7CDB6}.Release|Any CPU.Build.0 = Release|Any CPU
	EndGlobalSection
	GlobalSection(SolutionProperties) = preSolution
		HideSolutionNode = FALSE
	EndGlobalSection
	GlobalSection(ExtensibilityGlobals) = postSolution
		SolutionGuid = {E790B029-D38E-4645-B680-292D74853BDA}
	EndGlobalSection
EndGlobal
