
Microsoft Visual Studio Solution File, Format Version 12.00
# Visual Studio Version 16
VisualStudioVersion = 16.0.32802.440
MinimumVisualStudioVersion = 10.0.40219.1
Project("{FAE04EC0-301F-11D3-BF4B-00C04F79EFBC}") = "ADONet", "ADONet\ADONet.csproj", "{D055587A-4EDC-4FC4-99C9-0399E76DA1B3}"
EndProject
Global
	GlobalSection(SolutionConfigurationPlatforms) = preSolution
		Debug|Any CPU = Debug|Any CPU
		Release|Any CPU = Release|Any CPU
	EndGlobalSection
	GlobalSection(ProjectConfigurationPlatforms) = postSolution
		{D055587A-4EDC-4FC4-99C9-0399E76DA1B3}.Debug|Any CPU.ActiveCfg = Debug|Any CPU
		{D055587A-4EDC-4FC4-99C9-0399E76DA1B3}.Debug|Any CPU.Build.0 = Debug|Any CPU
		{D055587A-4EDC-4FC4-99C9-0399E76DA1B3}.Release|Any CPU.ActiveCfg = Release|Any CPU
		{D055587A-4EDC-4FC4-99C9-0399E76DA1B3}.Release|Any CPU.Build.0 = Release|Any CPU
	EndGlobalSection
	GlobalSection(SolutionProperties) = preSolution
		HideSolutionNode = FALSE
	EndGlobalSection
	GlobalSection(ExtensibilityGlobals) = postSolution
		SolutionGuid = {7C458643-B6CE-46E2-825E-BF38821703E6}
	EndGlobalSection
EndGlobal
